
Microsoft Visual Studio Solution File, Format Version 12.00
# Visual Studio Version 17
VisualStudioVersion = 17.12.35707.178
MinimumVisualStudioVersion = 10.0.40219.1
Project("{FAE04EC0-301F-11D3-BF4B-00C04F79EFBC}") = "BackendStore", "BackendStore.csproj", "{F15B7F80-B87E-4B03-A9CD-5A9C88889A82}"
EndProject
Project("{FAE04EC0-301F-11D3-BF4B-00C04F79EFBC}") = "RepositoryLayer", "..\RepositoryLayer\RepositoryLayer.csproj", "{B6A6A7EC-C15F-4B68-92A3-859ECDC904DF}"
EndProject
Project("{FAE04EC0-301F-11D3-BF4B-00C04F79EFBC}") = "ModelLayer", "..\ModelLayer\ModelLayer.csproj", "{B54182AB-B302-4BF1-B882-78B4B8CEC133}"
EndProject
Project("{FAE04EC0-301F-11D3-BF4B-00C04F79EFBC}") = "BusinessLayer", "..\BusinessLayer\BusinessLayer.csproj", "{EE9EE2D4-33A4-4614-8867-DDABC61C1BB2}"
EndProject
Project("{FAE04EC0-301F-11D3-BF4B-00C04F79EFBC}") = "BookStore.Tests", "..\BookStore.Tests\BookStore.Tests.csproj", "{0CB2AEC8-8CB4-4972-B485-D2B082A2CA9E}"
EndProject
Global
	GlobalSection(SolutionConfigurationPlatforms) = preSolution
		Debug|Any CPU = Debug|Any CPU
		Release|Any CPU = Release|Any CPU
	EndGlobalSection
	GlobalSection(ProjectConfigurationPlatforms) = postSolution
		{F15B7F80-B87E-4B03-A9CD-5A9C88889A82}.Debug|Any CPU.ActiveCfg = Debug|Any CPU
		{F15B7F80-B87E-4B03-A9CD-5A9C88889A82}.Debug|Any CPU.Build.0 = Debug|Any CPU
		{F15B7F80-B87E-4B03-A9CD-5A9C88889A82}.Release|Any CPU.ActiveCfg = Release|Any CPU
		{F15B7F80-B87E-4B03-A9CD-5A9C88889A82}.Release|Any CPU.Build.0 = Release|Any CPU
		{B6A6A7EC-C15F-4B68-92A3-859ECDC904DF}.Debug|Any CPU.ActiveCfg = Debug|Any CPU
		{B6A6A7EC-C15F-4B68-92A3-859ECDC904DF}.Debug|Any CPU.Build.0 = Debug|Any CPU
		{B6A6A7EC-C15F-4B68-92A3-859ECDC904DF}.Release|Any CPU.ActiveCfg = Release|Any CPU
		{B6A6A7EC-C15F-4B68-92A3-859ECDC904DF}.Release|Any CPU.Build.0 = Release|Any CPU
		{B54182AB-B302-4BF1-B882-78B4B8CEC133}.Debug|Any CPU.ActiveCfg = Debug|Any CPU
		{B54182AB-B302-4BF1-B882-78B4B8CEC133}.Debug|Any CPU.Build.0 = Debug|Any CPU
		{B54182AB-B302-4BF1-B882-78B4B8CEC133}.Release|Any CPU.ActiveCfg = Release|Any CPU
		{B54182AB-B302-4BF1-B882-78B4B8CEC133}.Release|Any CPU.Build.0 = Release|Any CPU
		{EE9EE2D4-33A4-4614-8867-DDABC61C1BB2}.Debug|Any CPU.ActiveCfg = Debug|Any CPU
		{EE9EE2D4-33A4-4614-8867-DDABC61C1BB2}.Debug|Any CPU.Build.0 = Debug|Any CPU
		{EE9EE2D4-33A4-4614-8867-DDABC61C1BB2}.Release|Any CPU.ActiveCfg = Release|Any CPU
		{EE9EE2D4-33A4-4614-8867-DDABC61C1BB2}.Release|Any CPU.Build.0 = Release|Any CPU
		{0CB2AEC8-8CB4-4972-B485-D2B082A2CA9E}.Debug|Any CPU.ActiveCfg = Debug|Any CPU
		{0CB2AEC8-8CB4-4972-B485-D2B082A2CA9E}.Debug|Any CPU.Build.0 = Debug|Any CPU
		{0CB2AEC8-8CB4-4972-B485-D2B082A2CA9E}.Release|Any CPU.ActiveCfg = Release|Any CPU
		{0CB2AEC8-8CB4-4972-B485-D2B082A2CA9E}.Release|Any CPU.Build.0 = Release|Any CPU
	EndGlobalSection
	GlobalSection(SolutionProperties) = preSolution
		HideSolutionNode = FALSE
	EndGlobalSection
EndGlobal
